// !$*UTF8*$!
{
	archiveVersion = 1;
	classes = {
	};
	objectVersion = 60;
	objects = {

/* Begin PBXBuildFile section */
		0A184F5F2C1C22DF00518E18 /* TestingSwiftTestingApp.swift in Sources */ = {isa = PBXBuildFile; fileRef = 0A184F5E2C1C22DF00518E18 /* TestingSwiftTestingApp.swift */; };
		0A184F612C1C22DF00518E18 /* ContentView.swift in Sources */ = {isa = PBXBuildFile; fileRef = 0A184F602C1C22DF00518E18 /* ContentView.swift */; };
		0A184F632C1C22E000518E18 /* Assets.xcassets in Resources */ = {isa = PBXBuildFile; fileRef = 0A184F622C1C22E000518E18 /* Assets.xcassets */; };
		0A184F662C1C22E000518E18 /* Preview Assets.xcassets in Resources */ = {isa = PBXBuildFile; fileRef = 0A184F652C1C22E000518E18 /* Preview Assets.xcassets */; };
		0A184F702C1C22E000518E18 /* TestingSwiftTestingTests.swift in Sources */ = {isa = PBXBuildFile; fileRef = 0A184F6F2C1C22E000518E18 /* TestingSwiftTestingTests.swift */; };
		0A184F892C1C232000518E18 /* TestingViewModel.swift in Sources */ = {isa = PBXBuildFile; fileRef = 0A184F882C1C231400518E18 /* TestingViewModel.swift */; };
		0AC4D75D2C1C6EFC0023642B /* NetworkLayer.swift in Sources */ = {isa = PBXBuildFile; fileRef = 0AC4D75C2C1C6EFA0023642B /* NetworkLayer.swift */; };
		0AC4D75F2C205A1A0023642B /* TestingModel.swift in Sources */ = {isa = PBXBuildFile; fileRef = 0AC4D75E2C205A130023642B /* TestingModel.swift */; };
		0AC4D7622C207C210023642B /* MockNetworkLayer.swift in Sources */ = {isa = PBXBuildFile; fileRef = 0AC4D7612C207C180023642B /* MockNetworkLayer.swift */; };
		0AC4D7642C216AD60023642B /* NetworkLayerTesting.swift in Sources */ = {isa = PBXBuildFile; fileRef = 0AC4D7632C216ACC0023642B /* NetworkLayerTesting.swift */; };
		0AC4D7672C2179E70023642B /* product.json in Resources */ = {isa = PBXBuildFile; fileRef = 0AC4D7662C2179D30023642B /* product.json */; };
		0AC4D7692C21C3740023642B /* CartView.swift in Sources */ = {isa = PBXBuildFile; fileRef = 0AC4D7682C21C3740023642B /* CartView.swift */; };
		0AC4D76B2C21D3DE0023642B /* ProductView.swift in Sources */ = {isa = PBXBuildFile; fileRef = 0AC4D76A2C21D3D70023642B /* ProductView.swift */; };
/* End PBXBuildFile section */

/* Begin PBXContainerItemProxy section */
		0A184F6C2C1C22E000518E18 /* PBXContainerItemProxy */ = {
			isa = PBXContainerItemProxy;
			containerPortal = 0A184F532C1C22DF00518E18 /* Project object */;
			proxyType = 1;
			remoteGlobalIDString = 0A184F5A2C1C22DF00518E18;
			remoteInfo = TestingSwiftTesting;
		};
/* End PBXContainerItemProxy section */

/* Begin PBXFileReference section */
		0A184F5B2C1C22DF00518E18 /* TestingSwiftTesting.app */ = {isa = PBXFileReference; explicitFileType = wrapper.application; includeInIndex = 0; path = TestingSwiftTesting.app; sourceTree = BUILT_PRODUCTS_DIR; };
		0A184F5E2C1C22DF00518E18 /* TestingSwiftTestingApp.swift */ = {isa = PBXFileReference; lastKnownFileType = sourcecode.swift; path = TestingSwiftTestingApp.swift; sourceTree = "<group>"; };
		0A184F602C1C22DF00518E18 /* ContentView.swift */ = {isa = PBXFileReference; lastKnownFileType = sourcecode.swift; path = ContentView.swift; sourceTree = "<group>"; };
		0A184F622C1C22E000518E18 /* Assets.xcassets */ = {isa = PBXFileReference; lastKnownFileType = folder.assetcatalog; path = Assets.xcassets; sourceTree = "<group>"; };
		0A184F652C1C22E000518E18 /* Preview Assets.xcassets */ = {isa = PBXFileReference; lastKnownFileType = folder.assetcatalog; path = "Preview Assets.xcassets"; sourceTree = "<group>"; };
		0A184F6B2C1C22E000518E18 /* TestingSwiftTestingTests.xctest */ = {isa = PBXFileReference; explicitFileType = wrapper.cfbundle; includeInIndex = 0; path = TestingSwiftTestingTests.xctest; sourceTree = BUILT_PRODUCTS_DIR; };
		0A184F6F2C1C22E000518E18 /* TestingSwiftTestingTests.swift */ = {isa = PBXFileReference; lastKnownFileType = sourcecode.swift; path = TestingSwiftTestingTests.swift; sourceTree = "<group>"; };
		0A184F882C1C231400518E18 /* TestingViewModel.swift */ = {isa = PBXFileReference; lastKnownFileType = sourcecode.swift; path = TestingViewModel.swift; sourceTree = "<group>"; };
		0AC4D75C2C1C6EFA0023642B /* NetworkLayer.swift */ = {isa = PBXFileReference; lastKnownFileType = sourcecode.swift; path = NetworkLayer.swift; sourceTree = "<group>"; };
		0AC4D75E2C205A130023642B /* TestingModel.swift */ = {isa = PBXFileReference; lastKnownFileType = sourcecode.swift; path = TestingModel.swift; sourceTree = "<group>"; };
		0AC4D7612C207C180023642B /* MockNetworkLayer.swift */ = {isa = PBXFileReference; lastKnownFileType = sourcecode.swift; path = MockNetworkLayer.swift; sourceTree = "<group>"; };
		0AC4D7632C216ACC0023642B /* NetworkLayerTesting.swift */ = {isa = PBXFileReference; lastKnownFileType = sourcecode.swift; path = NetworkLayerTesting.swift; sourceTree = "<group>"; };
		0AC4D7662C2179D30023642B /* product.json */ = {isa = PBXFileReference; lastKnownFileType = text.json; path = product.json; sourceTree = "<group>"; };
		0AC4D7682C21C3740023642B /* CartView.swift */ = {isa = PBXFileReference; lastKnownFileType = sourcecode.swift; path = CartView.swift; sourceTree = "<group>"; };
		0AC4D76A2C21D3D70023642B /* ProductView.swift */ = {isa = PBXFileReference; lastKnownFileType = sourcecode.swift; path = ProductView.swift; sourceTree = "<group>"; };
/* End PBXFileReference section */

/* Begin PBXFrameworksBuildPhase section */
		0A184F582C1C22DF00518E18 /* Frameworks */ = {
			isa = PBXFrameworksBuildPhase;
			buildActionMask = 2147483647;
			files = (
			);
			runOnlyForDeploymentPostprocessing = 0;
		};
		0A184F682C1C22E000518E18 /* Frameworks */ = {
			isa = PBXFrameworksBuildPhase;
			buildActionMask = 2147483647;
			files = (
			);
			runOnlyForDeploymentPostprocessing = 0;
		};
/* End PBXFrameworksBuildPhase section */

/* Begin PBXGroup section */
		0A184F522C1C22DF00518E18 = {
			isa = PBXGroup;
			children = (
				0A184F5D2C1C22DF00518E18 /* TestingSwiftTesting */,
				0A184F6E2C1C22E000518E18 /* TestingSwiftTestingTests */,
				0A184F5C2C1C22DF00518E18 /* Products */,
			);
			sourceTree = "<group>";
		};
		0A184F5C2C1C22DF00518E18 /* Products */ = {
			isa = PBXGroup;
			children = (
				0A184F5B2C1C22DF00518E18 /* TestingSwiftTesting.app */,
				0A184F6B2C1C22E000518E18 /* TestingSwiftTestingTests.xctest */,
			);
			name = Products;
			sourceTree = "<group>";
		};
		0A184F5D2C1C22DF00518E18 /* TestingSwiftTesting */ = {
			isa = PBXGroup;
			children = (
				0AC4D76A2C21D3D70023642B /* ProductView.swift */,
				0AC4D7652C2179CB0023642B /* json */,
				0AC4D7602C207C120023642B /* Tests */,
				0AC4D75E2C205A130023642B /* TestingModel.swift */,
				0AC4D75C2C1C6EFA0023642B /* NetworkLayer.swift */,
				0A184F882C1C231400518E18 /* TestingViewModel.swift */,
				0A184F5E2C1C22DF00518E18 /* TestingSwiftTestingApp.swift */,
				0A184F602C1C22DF00518E18 /* ContentView.swift */,
				0A184F622C1C22E000518E18 /* Assets.xcassets */,
				0A184F642C1C22E000518E18 /* Preview Content */,
				0AC4D7682C21C3740023642B /* CartView.swift */,
			);
			path = TestingSwiftTesting;
			sourceTree = "<group>";
		};
		0A184F642C1C22E000518E18 /* Preview Content */ = {
			isa = PBXGroup;
			children = (
				0A184F652C1C22E000518E18 /* Preview Assets.xcassets */,
			);
			path = "Preview Content";
			sourceTree = "<group>";
		};
		0A184F6E2C1C22E000518E18 /* TestingSwiftTestingTests */ = {
			isa = PBXGroup;
			children = (
				0AC4D7632C216ACC0023642B /* NetworkLayerTesting.swift */,
				0A184F6F2C1C22E000518E18 /* TestingSwiftTestingTests.swift */,
			);
			path = TestingSwiftTestingTests;
			sourceTree = "<group>";
		};
		0AC4D7602C207C120023642B /* Tests */ = {
			isa = PBXGroup;
			children = (
				0AC4D7612C207C180023642B /* MockNetworkLayer.swift */,
			);
			path = Tests;
			sourceTree = "<group>";
		};
		0AC4D7652C2179CB0023642B /* json */ = {
			isa = PBXGroup;
			children = (
				0AC4D7662C2179D30023642B /* product.json */,
			);
			path = json;
			sourceTree = "<group>";
		};
/* End PBXGroup section */

/* Begin PBXNativeTarget section */
		0A184F5A2C1C22DF00518E18 /* TestingSwiftTesting */ = {
			isa = PBXNativeTarget;
			buildConfigurationList = 0A184F7F2C1C22E100518E18 /* Build configuration list for PBXNativeTarget "TestingSwiftTesting" */;
			buildPhases = (
				0A184F572C1C22DF00518E18 /* Sources */,
				0A184F582C1C22DF00518E18 /* Frameworks */,
				0A184F592C1C22DF00518E18 /* Resources */,
			);
			buildRules = (
			);
			dependencies = (
			);
			name = TestingSwiftTesting;
			productName = TestingSwiftTesting;
			productReference = 0A184F5B2C1C22DF00518E18 /* TestingSwiftTesting.app */;
			productType = "com.apple.product-type.application";
		};
		0A184F6A2C1C22E000518E18 /* TestingSwiftTestingTests */ = {
			isa = PBXNativeTarget;
			buildConfigurationList = 0A184F822C1C22E100518E18 /* Build configuration list for PBXNativeTarget "TestingSwiftTestingTests" */;
			buildPhases = (
				0A184F672C1C22E000518E18 /* Sources */,
				0A184F682C1C22E000518E18 /* Frameworks */,
				0A184F692C1C22E000518E18 /* Resources */,
			);
			buildRules = (
			);
			dependencies = (
				0A184F6D2C1C22E000518E18 /* PBXTargetDependency */,
			);
			name = TestingSwiftTestingTests;
			productName = TestingSwiftTestingTests;
			productReference = 0A184F6B2C1C22E000518E18 /* TestingSwiftTestingTests.xctest */;
			productType = "com.apple.product-type.bundle.unit-test";
		};
/* End PBXNativeTarget section */

/* Begin PBXProject section */
		0A184F532C1C22DF00518E18 /* Project object */ = {
			isa = PBXProject;
			attributes = {
				BuildIndependentTargetsInParallel = 1;
				LastSwiftUpdateCheck = 1600;
				LastUpgradeCheck = 1600;
				TargetAttributes = {
					0A184F5A2C1C22DF00518E18 = {
						CreatedOnToolsVersion = 16.0;
					};
					0A184F6A2C1C22E000518E18 = {
						CreatedOnToolsVersion = 16.0;
						TestTargetID = 0A184F5A2C1C22DF00518E18;
					};
				};
			};
			buildConfigurationList = 0A184F562C1C22DF00518E18 /* Build configuration list for PBXProject "TestingSwiftTesting" */;
			compatibilityVersion = "Xcode 15.0";
			developmentRegion = en;
			hasScannedForEncodings = 0;
			knownRegions = (
				en,
				Base,
			);
			mainGroup = 0A184F522C1C22DF00518E18;
			productRefGroup = 0A184F5C2C1C22DF00518E18 /* Products */;
			projectDirPath = "";
			projectRoot = "";
			targets = (
				0A184F5A2C1C22DF00518E18 /* TestingSwiftTesting */,
				0A184F6A2C1C22E000518E18 /* TestingSwiftTestingTests */,
			);
		};
/* End PBXProject section */

/* Begin PBXResourcesBuildPhase section */
		0A184F592C1C22DF00518E18 /* Resources */ = {
			isa = PBXResourcesBuildPhase;
			buildActionMask = 2147483647;
			files = (
				0A184F662C1C22E000518E18 /* Preview Assets.xcassets in Resources */,
				0A184F632C1C22E000518E18 /* Assets.xcassets in Resources */,
				0AC4D7672C2179E70023642B /* product.json in Resources */,
			);
			runOnlyForDeploymentPostprocessing = 0;
		};
		0A184F692C1C22E000518E18 /* Resources */ = {
			isa = PBXResourcesBuildPhase;
			buildActionMask = 2147483647;
			files = (
			);
			runOnlyForDeploymentPostprocessing = 0;
		};
/* End PBXResourcesBuildPhase section */

/* Begin PBXSourcesBuildPhase section */
		0A184F572C1C22DF00518E18 /* Sources */ = {
			isa = PBXSourcesBuildPhase;
			buildActionMask = 2147483647;
			files = (
				0AC4D76B2C21D3DE0023642B /* ProductView.swift in Sources */,
				0A184F892C1C232000518E18 /* TestingViewModel.swift in Sources */,
				0AC4D7692C21C3740023642B /* CartView.swift in Sources */,
				0A184F612C1C22DF00518E18 /* ContentView.swift in Sources */,
				0AC4D7622C207C210023642B /* MockNetworkLayer.swift in Sources */,
				0AC4D75D2C1C6EFC0023642B /* NetworkLayer.swift in Sources */,
				0AC4D75F2C205A1A0023642B /* TestingModel.swift in Sources */,
				0A184F5F2C1C22DF00518E18 /* TestingSwiftTestingApp.swift in Sources */,
			);
			runOnlyForDeploymentPostprocessing = 0;
		};
		0A184F672C1C22E000518E18 /* Sources */ = {
			isa = PBXSourcesBuildPhase;
			buildActionMask = 2147483647;
			files = (
				0A184F702C1C22E000518E18 /* TestingSwiftTestingTests.swift in Sources */,
				0AC4D7642C216AD60023642B /* NetworkLayerTesting.swift in Sources */,
			);
			runOnlyForDeploymentPostprocessing = 0;
		};
/* End PBXSourcesBuildPhase section */

/* Begin PBXTargetDependency section */
		0A184F6D2C1C22E000518E18 /* PBXTargetDependency */ = {
			isa = PBXTargetDependency;
			target = 0A184F5A2C1C22DF00518E18 /* TestingSwiftTesting */;
			targetProxy = 0A184F6C2C1C22E000518E18 /* PBXContainerItemProxy */;
		};
/* End PBXTargetDependency section */

/* Begin XCBuildConfiguration section */
		0A184F7D2C1C22E100518E18 /* Debug */ = {
			isa = XCBuildConfiguration;
			buildSettings = {
				ALWAYS_SEARCH_USER_PATHS = NO;
				ASSETCATALOG_COMPILER_GENERATE_SWIFT_ASSET_SYMBOL_EXTENSIONS = YES;
				CLANG_ANALYZER_NONNULL = YES;
				CLANG_ANALYZER_NUMBER_OBJECT_CONVERSION = YES_AGGRESSIVE;
				CLANG_CXX_LANGUAGE_STANDARD = "gnu++20";
				CLANG_ENABLE_MODULES = YES;
				CLANG_ENABLE_OBJC_ARC = YES;
				CLANG_ENABLE_OBJC_WEAK = YES;
				CLANG_WARN_BLOCK_CAPTURE_AUTORELEASING = YES;
				CLANG_WARN_BOOL_CONVERSION = YES;
				CLANG_WARN_COMMA = YES;
				CLANG_WARN_CONSTANT_CONVERSION = YES;
				CLANG_WARN_DEPRECATED_OBJC_IMPLEMENTATIONS = YES;
				CLANG_WARN_DIRECT_OBJC_ISA_USAGE = YES_ERROR;
				CLANG_WARN_DOCUMENTATION_COMMENTS = YES;
				CLANG_WARN_EMPTY_BODY = YES;
				CLANG_WARN_ENUM_CONVERSION = YES;
				CLANG_WARN_INFINITE_RECURSION = YES;
				CLANG_WARN_INT_CONVERSION = YES;
				CLANG_WARN_NON_LITERAL_NULL_CONVERSION = YES;
				CLANG_WARN_OBJC_IMPLICIT_RETAIN_SELF = YES;
				CLANG_WARN_OBJC_LITERAL_CONVERSION = YES;
				CLANG_WARN_OBJC_ROOT_CLASS = YES_ERROR;
				CLANG_WARN_QUOTED_INCLUDE_IN_FRAMEWORK_HEADER = YES;
				CLANG_WARN_RANGE_LOOP_ANALYSIS = YES;
				CLANG_WARN_STRICT_PROTOTYPES = YES;
				CLANG_WARN_SUSPICIOUS_MOVE = YES;
				CLANG_WARN_UNGUARDED_AVAILABILITY = YES_AGGRESSIVE;
				CLANG_WARN_UNREACHABLE_CODE = YES;
				CLANG_WARN__DUPLICATE_METHOD_MATCH = YES;
				COPY_PHASE_STRIP = NO;
				DEBUG_INFORMATION_FORMAT = dwarf;
				ENABLE_STRICT_OBJC_MSGSEND = YES;
				ENABLE_TESTABILITY = YES;
				ENABLE_USER_SCRIPT_SANDBOXING = YES;
				GCC_C_LANGUAGE_STANDARD = gnu17;
				GCC_DYNAMIC_NO_PIC = NO;
				GCC_NO_COMMON_BLOCKS = YES;
				GCC_OPTIMIZATION_LEVEL = 0;
				GCC_PREPROCESSOR_DEFINITIONS = (
					"DEBUG=1",
					"$(inherited)",
				);
				GCC_WARN_64_TO_32_BIT_CONVERSION = YES;
				GCC_WARN_ABOUT_RETURN_TYPE = YES_ERROR;
				GCC_WARN_UNDECLARED_SELECTOR = YES;
				GCC_WARN_UNINITIALIZED_AUTOS = YES_AGGRESSIVE;
				GCC_WARN_UNUSED_FUNCTION = YES;
				GCC_WARN_UNUSED_VARIABLE = YES;
				IPHONEOS_DEPLOYMENT_TARGET = 18.0;
				LOCALIZATION_PREFERS_STRING_CATALOGS = YES;
				MTL_ENABLE_DEBUG_INFO = INCLUDE_SOURCE;
				MTL_FAST_MATH = YES;
				ONLY_ACTIVE_ARCH = YES;
				SDKROOT = iphoneos;
				SWIFT_ACTIVE_COMPILATION_CONDITIONS = "DEBUG $(inherited)";
				SWIFT_OPTIMIZATION_LEVEL = "-Onone";
			};
			name = Debug;
		};
		0A184F7E2C1C22E100518E18 /* Release */ = {
			isa = XCBuildConfiguration;
			buildSettings = {
				ALWAYS_SEARCH_USER_PATHS = NO;
				ASSETCATALOG_COMPILER_GENERATE_SWIFT_ASSET_SYMBOL_EXTENSIONS = YES;
				CLANG_ANALYZER_NONNULL = YES;
				CLANG_ANALYZER_NUMBER_OBJECT_CONVERSION = YES_AGGRESSIVE;
				CLANG_CXX_LANGUAGE_STANDARD = "gnu++20";
				CLANG_ENABLE_MODULES = YES;
				CLANG_ENABLE_OBJC_ARC = YES;
				CLANG_ENABLE_OBJC_WEAK = YES;
				CLANG_WARN_BLOCK_CAPTURE_AUTORELEASING = YES;
				CLANG_WARN_BOOL_CONVERSION = YES;
				CLANG_WARN_COMMA = YES;
				CLANG_WARN_CONSTANT_CONVERSION = YES;
				CLANG_WARN_DEPRECATED_OBJC_IMPLEMENTATIONS = YES;
				CLANG_WARN_DIRECT_OBJC_ISA_USAGE = YES_ERROR;
				CLANG_WARN_DOCUMENTATION_COMMENTS = YES;
				CLANG_WARN_EMPTY_BODY = YES;
				CLANG_WARN_ENUM_CONVERSION = YES;
				CLANG_WARN_INFINITE_RECURSION = YES;
				CLANG_WARN_INT_CONVERSION = YES;
				CLANG_WARN_NON_LITERAL_NULL_CONVERSION = YES;
				CLANG_WARN_OBJC_IMPLICIT_RETAIN_SELF = YES;
				CLANG_WARN_OBJC_LITERAL_CONVERSION = YES;
				CLANG_WARN_OBJC_ROOT_CLASS = YES_ERROR;
				CLANG_WARN_QUOTED_INCLUDE_IN_FRAMEWORK_HEADER = YES;
				CLANG_WARN_RANGE_LOOP_ANALYSIS = YES;
				CLANG_WARN_STRICT_PROTOTYPES = YES;
				CLANG_WARN_SUSPICIOUS_MOVE = YES;
				CLANG_WARN_UNGUARDED_AVAILABILITY = YES_AGGRESSIVE;
				CLANG_WARN_UNREACHABLE_CODE = YES;
				CLANG_WARN__DUPLICATE_METHOD_MATCH = YES;
				COPY_PHASE_STRIP = NO;
				DEBUG_INFORMATION_FORMAT = "dwarf-with-dsym";
				ENABLE_NS_ASSERTIONS = NO;
				ENABLE_STRICT_OBJC_MSGSEND = YES;
				ENABLE_USER_SCRIPT_SANDBOXING = YES;
				GCC_C_LANGUAGE_STANDARD = gnu17;
				GCC_NO_COMMON_BLOCKS = YES;
				GCC_WARN_64_TO_32_BIT_CONVERSION = YES;
				GCC_WARN_ABOUT_RETURN_TYPE = YES_ERROR;
				GCC_WARN_UNDECLARED_SELECTOR = YES;
				GCC_WARN_UNINITIALIZED_AUTOS = YES_AGGRESSIVE;
				GCC_WARN_UNUSED_FUNCTION = YES;
				GCC_WARN_UNUSED_VARIABLE = YES;
				IPHONEOS_DEPLOYMENT_TARGET = 18.0;
				LOCALIZATION_PREFERS_STRING_CATALOGS = YES;
				MTL_ENABLE_DEBUG_INFO = NO;
				MTL_FAST_MATH = YES;
				SDKROOT = iphoneos;
				SWIFT_COMPILATION_MODE = wholemodule;
				VALIDATE_PRODUCT = YES;
			};
			name = Release;
		};
		0A184F802C1C22E100518E18 /* Debug */ = {
			isa = XCBuildConfiguration;
			buildSettings = {
				ASSETCATALOG_COMPILER_APPICON_NAME = AppIcon;
				ASSETCATALOG_COMPILER_GLOBAL_ACCENT_COLOR_NAME = AccentColor;
				CODE_SIGN_STYLE = Automatic;
				CURRENT_PROJECT_VERSION = 1;
				DEVELOPMENT_ASSET_PATHS = "\"TestingSwiftTesting/Preview Content\"";
				DEVELOPMENT_TEAM = LCU5R882R4;
				ENABLE_PREVIEWS = YES;
				GENERATE_INFOPLIST_FILE = YES;
				INFOPLIST_KEY_UIApplicationSceneManifest_Generation = YES;
				INFOPLIST_KEY_UIApplicationSupportsIndirectInputEvents = YES;
				INFOPLIST_KEY_UILaunchScreen_Generation = YES;
				INFOPLIST_KEY_UISupportedInterfaceOrientations_iPad = "UIInterfaceOrientationPortrait UIInterfaceOrientationPortraitUpsideDown UIInterfaceOrientationLandscapeLeft UIInterfaceOrientationLandscapeRight";
				INFOPLIST_KEY_UISupportedInterfaceOrientations_iPhone = "UIInterfaceOrientationPortrait UIInterfaceOrientationLandscapeLeft UIInterfaceOrientationLandscapeRight";
				LD_RUNPATH_SEARCH_PATHS = (
					"$(inherited)",
					"@executable_path/Frameworks",
				);
				MARKETING_VERSION = 1.0;
				PRODUCT_BUNDLE_IDENTIFIER = com.TestingSwiftTesting;
				PRODUCT_NAME = "$(TARGET_NAME)";
				SWIFT_EMIT_LOC_STRINGS = YES;
				SWIFT_VERSION = 5.0;
				TARGETED_DEVICE_FAMILY = "1,2";
			};
			name = Debug;
		};
		0A184F812C1C22E100518E18 /* Release */ = {
			isa = XCBuildConfiguration;
			buildSettings = {
				ASSETCATALOG_COMPILER_APPICON_NAME = AppIcon;
				ASSETCATALOG_COMPILER_GLOBAL_ACCENT_COLOR_NAME = AccentColor;
				CODE_SIGN_STYLE = Automatic;
				CURRENT_PROJECT_VERSION = 1;
				DEVELOPMENT_ASSET_PATHS = "\"TestingSwiftTesting/Preview Content\"";
				DEVELOPMENT_TEAM = LCU5R882R4;
				ENABLE_PREVIEWS = YES;
				GENERATE_INFOPLIST_FILE = YES;
				INFOPLIST_KEY_UIApplicationSceneManifest_Generation = YES;
				INFOPLIST_KEY_UIApplicationSupportsIndirectInputEvents = YES;
				INFOPLIST_KEY_UILaunchScreen_Generation = YES;
				INFOPLIST_KEY_UISupportedInterfaceOrientations_iPad = "UIInterfaceOrientationPortrait UIInterfaceOrientationPortraitUpsideDown UIInterfaceOrientationLandscapeLeft UIInterfaceOrientationLandscapeRight";
				INFOPLIST_KEY_UISupportedInterfaceOrientations_iPhone = "UIInterfaceOrientationPortrait UIInterfaceOrientationLandscapeLeft UIInterfaceOrientationLandscapeRight";
				LD_RUNPATH_SEARCH_PATHS = (
					"$(inherited)",
					"@executable_path/Frameworks",
				);
				MARKETING_VERSION = 1.0;
				PRODUCT_BUNDLE_IDENTIFIER = com.TestingSwiftTesting;
				PRODUCT_NAME = "$(TARGET_NAME)";
				SWIFT_EMIT_LOC_STRINGS = YES;
				SWIFT_VERSION = 5.0;
				TARGETED_DEVICE_FAMILY = "1,2";
			};
			name = Release;
		};
		0A184F832C1C22E100518E18 /* Debug */ = {
			isa = XCBuildConfiguration;
			buildSettings = {
				BUNDLE_LOADER = "$(TEST_HOST)";
				CODE_SIGN_STYLE = Automatic;
				CURRENT_PROJECT_VERSION = 1;
				GENERATE_INFOPLIST_FILE = YES;
				IPHONEOS_DEPLOYMENT_TARGET = 18.0;
				MARKETING_VERSION = 1.0;
				PRODUCT_BUNDLE_IDENTIFIER = com.TestingSwiftTestingTests;
				PRODUCT_NAME = "$(TARGET_NAME)";
				SWIFT_EMIT_LOC_STRINGS = NO;
				SWIFT_VERSION = 5.0;
				TARGETED_DEVICE_FAMILY = "1,2";
				TEST_HOST = "$(BUILT_PRODUCTS_DIR)/TestingSwiftTesting.app/$(BUNDLE_EXECUTABLE_FOLDER_PATH)/TestingSwiftTesting";
			};
			name = Debug;
		};
		0A184F842C1C22E100518E18 /* Release */ = {
			isa = XCBuildConfiguration;
			buildSettings = {
				BUNDLE_LOADER = "$(TEST_HOST)";
				CODE_SIGN_STYLE = Automatic;
				CURRENT_PROJECT_VERSION = 1;
				GENERATE_INFOPLIST_FILE = YES;
				IPHONEOS_DEPLOYMENT_TARGET = 18.0;
				MARKETING_VERSION = 1.0;
				PRODUCT_BUNDLE_IDENTIFIER = com.TestingSwiftTestingTests;
				PRODUCT_NAME = "$(TARGET_NAME)";
				SWIFT_EMIT_LOC_STRINGS = NO;
				SWIFT_VERSION = 5.0;
				TARGETED_DEVICE_FAMILY = "1,2";
				TEST_HOST = "$(BUILT_PRODUCTS_DIR)/TestingSwiftTesting.app/$(BUNDLE_EXECUTABLE_FOLDER_PATH)/TestingSwiftTesting";
			};
			name = Release;
		};
/* End XCBuildConfiguration section */

/* Begin XCConfigurationList section */
		0A184F562C1C22DF00518E18 /* Build configuration list for PBXProject "TestingSwiftTesting" */ = {
			isa = XCConfigurationList;
			buildConfigurations = (
				0A184F7D2C1C22E100518E18 /* Debug */,
				0A184F7E2C1C22E100518E18 /* Release */,
			);
			defaultConfigurationIsVisible = 0;
			defaultConfigurationName = Release;
		};
		0A184F7F2C1C22E100518E18 /* Build configuration list for PBXNativeTarget "TestingSwiftTesting" */ = {
			isa = XCConfigurationList;
			buildConfigurations = (
				0A184F802C1C22E100518E18 /* Debug */,
				0A184F812C1C22E100518E18 /* Release */,
			);
			defaultConfigurationIsVisible = 0;
			defaultConfigurationName = Release;
		};
		0A184F822C1C22E100518E18 /* Build configuration list for PBXNativeTarget "TestingSwiftTestingTests" */ = {
			isa = XCConfigurationList;
			buildConfigurations = (
				0A184F832C1C22E100518E18 /* Debug */,
				0A184F842C1C22E100518E18 /* Release */,
			);
			defaultConfigurationIsVisible = 0;
			defaultConfigurationName = Release;
		};
/* End XCConfigurationList section */
	};
	rootObject = 0A184F532C1C22DF00518E18 /* Project object */;
}
